
Microsoft Visual Studio Solution File, Format Version 12.00
# Visual Studio Version 17
VisualStudioVersion = 17.11.35303.130
MinimumVisualStudioVersion = 10.0.40219.1
Project("{FAE04EC0-301F-11D3-BF4B-00C04F79EFBC}") = "De5", "De5\De5.csproj", "{974FECB8-84BB-4E7F-9F5D-10C149556ADE}"
EndProject
Global
	GlobalSection(SolutionConfigurationPlatforms) = preSolution
		Debug|Any CPU = Debug|Any CPU
		Release|Any CPU = Release|Any CPU
	EndGlobalSection
	GlobalSection(ProjectConfigurationPlatforms) = postSolution
		{974FECB8-84BB-4E7F-9F5D-10C149556ADE}.Debug|Any CPU.ActiveCfg = Debug|Any CPU
		{974FECB8-84BB-4E7F-9F5D-10C149556ADE}.Debug|Any CPU.Build.0 = Debug|Any CPU
		{974FECB8-84BB-4E7F-9F5D-10C149556ADE}.Release|Any CPU.ActiveCfg = Release|Any CPU
		{974FECB8-84BB-4E7F-9F5D-10C149556ADE}.Release|Any CPU.Build.0 = Release|Any CPU
	EndGlobalSection
	GlobalSection(SolutionProperties) = preSolution
		HideSolutionNode = FALSE
	EndGlobalSection
	GlobalSection(ExtensibilityGlobals) = postSolution
		SolutionGuid = {DC9AC4DA-68A5-4EF9-9DEE-A42FD7747931}
	EndGlobalSection
EndGlobal
