
Microsoft Visual Studio Solution File, Format Version 12.00
# Visual Studio Version 17
VisualStudioVersion = 17.11.35303.130
MinimumVisualStudioVersion = 10.0.40219.1
Project("{FAE04EC0-301F-11D3-BF4B-00C04F79EFBC}") = "De4", "De4\De4.csproj", "{FBA70228-7D70-4CB0-9C3D-F578B3EB9E3E}"
EndProject
Global
	GlobalSection(SolutionConfigurationPlatforms) = preSolution
		Debug|Any CPU = Debug|Any CPU
		Release|Any CPU = Release|Any CPU
	EndGlobalSection
	GlobalSection(ProjectConfigurationPlatforms) = postSolution
		{FBA70228-7D70-4CB0-9C3D-F578B3EB9E3E}.Debug|Any CPU.ActiveCfg = Debug|Any CPU
		{FBA70228-7D70-4CB0-9C3D-F578B3EB9E3E}.Debug|Any CPU.Build.0 = Debug|Any CPU
		{FBA70228-7D70-4CB0-9C3D-F578B3EB9E3E}.Release|Any CPU.ActiveCfg = Release|Any CPU
		{FBA70228-7D70-4CB0-9C3D-F578B3EB9E3E}.Release|Any CPU.Build.0 = Release|Any CPU
	EndGlobalSection
	GlobalSection(SolutionProperties) = preSolution
		HideSolutionNode = FALSE
	EndGlobalSection
	GlobalSection(ExtensibilityGlobals) = postSolution
		SolutionGuid = {65E92FA0-1BED-42B8-BE3B-E730A488AD79}
	EndGlobalSection
EndGlobal
